
Microsoft Visual Studio Solution File, Format Version 12.00
# Visual Studio Version 16
VisualStudioVersion = 16.0.30615.102
MinimumVisualStudioVersion = 10.0.40219.1
Project("{2150E333-8FDC-42A3-9474-1A3956D46DE8}") = "Microservices", "Microservices", "{3BFFB76E-28B5-4D5F-9A9B-2F40757BCE13}"
EndProject
Project("{2150E333-8FDC-42A3-9474-1A3956D46DE8}") = "Domain", "Domain", "{D87B04AA-6657-4E3E-9118-32E30537B1E2}"
EndProject
Project("{2150E333-8FDC-42A3-9474-1A3956D46DE8}") = "Presentation", "Presentation", "{6171ED4F-C057-4288-AFE6-BE75475DAF11}"
EndProject
Project("{2150E333-8FDC-42A3-9474-1A3956D46DE8}") = "Infra.Bus", "Infra.Bus", "{6DA1B4E0-CB9B-49A7-AD82-D2AD1090C173}"
EndProject
Project("{2150E333-8FDC-42A3-9474-1A3956D46DE8}") = "Infra.IoC", "Infra.IoC", "{4239FDD0-176B-4E18-BF9E-1397CB715B72}"
EndProject
Project("{FAE04EC0-301F-11D3-BF4B-00C04F79EFBC}") = "MicroRabbit.Domain.Core", "MicroRabbit.Domain.Core\MicroRabbit.Domain.Core.csproj", "{1A6F7FDF-836E-464C-8F76-89F4B335DDDE}"
EndProject
Project("{FAE04EC0-301F-11D3-BF4B-00C04F79EFBC}") = "MicroRabbit.Infra.Bus", "MicroRabbit.Infra.Bus\MicroRabbit.Infra.Bus.csproj", "{CCB50729-5EF2-4106-8549-B2C6B5F81AD1}"
EndProject
Project("{FAE04EC0-301F-11D3-BF4B-00C04F79EFBC}") = "MicroRabbit.Infra.IoC", "MicroRabbit.Infra.IoC\MicroRabbit.Infra.IoC.csproj", "{2AFA8BD7-9A99-41C1-8C98-BB784EC42702}"
EndProject
Project("{2150E333-8FDC-42A3-9474-1A3956D46DE8}") = "Banking", "Banking", "{C9358EDD-5819-4D51-A0C8-FFE8FABA0084}"
EndProject
Project("{2150E333-8FDC-42A3-9474-1A3956D46DE8}") = "Data", "Data", "{882F6E55-74A5-471D-8D34-C6ABF596F83F}"
EndProject
Project("{2150E333-8FDC-42A3-9474-1A3956D46DE8}") = "Domain", "Domain", "{13DF28C8-5132-4F00-8EBA-3332FED6825B}"
EndProject
Project("{2150E333-8FDC-42A3-9474-1A3956D46DE8}") = "Api", "Api", "{DA9DDA9A-53D8-4B5F-960F-2D6DABF2D74C}"
EndProject
Project("{2150E333-8FDC-42A3-9474-1A3956D46DE8}") = "Application", "Application", "{E9EAE5D0-3046-4841-A056-65175A222824}"
EndProject
Project("{FAE04EC0-301F-11D3-BF4B-00C04F79EFBC}") = "MicroRabbit.Banking.Api", "MicroRabbit.Banking.Api\MicroRabbit.Banking.Api.csproj", "{76EA1E7C-7DE8-4764-9D86-EB6CE22F35D9}"
EndProject
Project("{FAE04EC0-301F-11D3-BF4B-00C04F79EFBC}") = "MicroRabbit.Banking.Application", "MicroRabbit.Banking.Application\MicroRabbit.Banking.Application.csproj", "{E60F8930-808C-48A4-8F1E-6AE0E129C884}"
EndProject
Project("{FAE04EC0-301F-11D3-BF4B-00C04F79EFBC}") = "MicroRabbit.Banking.Data", "MicroRabbit.Banking.Data\MicroRabbit.Banking.Data.csproj", "{94765E36-00CD-4FF8-B40B-3EDC7755F508}"
EndProject
Project("{FAE04EC0-301F-11D3-BF4B-00C04F79EFBC}") = "MicroRabbit.Banking.Domain", "MicroRabbit.Banking.Domain\MicroRabbit.Banking.Domain.csproj", "{5525E881-61D7-4BE7-899E-B9F1A8E77712}"
EndProject
Global
	GlobalSection(SolutionConfigurationPlatforms) = preSolution
		Debug|Any CPU = Debug|Any CPU
		Release|Any CPU = Release|Any CPU
	EndGlobalSection
	GlobalSection(ProjectConfigurationPlatforms) = postSolution
		{1A6F7FDF-836E-464C-8F76-89F4B335DDDE}.Debug|Any CPU.ActiveCfg = Debug|Any CPU
		{1A6F7FDF-836E-464C-8F76-89F4B335DDDE}.Debug|Any CPU.Build.0 = Debug|Any CPU
		{1A6F7FDF-836E-464C-8F76-89F4B335DDDE}.Release|Any CPU.ActiveCfg = Release|Any CPU
		{1A6F7FDF-836E-464C-8F76-89F4B335DDDE}.Release|Any CPU.Build.0 = Release|Any CPU
		{CCB50729-5EF2-4106-8549-B2C6B5F81AD1}.Debug|Any CPU.ActiveCfg = Debug|Any CPU
		{CCB50729-5EF2-4106-8549-B2C6B5F81AD1}.Debug|Any CPU.Build.0 = Debug|Any CPU
		{CCB50729-5EF2-4106-8549-B2C6B5F81AD1}.Release|Any CPU.ActiveCfg = Release|Any CPU
		{CCB50729-5EF2-4106-8549-B2C6B5F81AD1}.Release|Any CPU.Build.0 = Release|Any CPU
		{2AFA8BD7-9A99-41C1-8C98-BB784EC42702}.Debug|Any CPU.ActiveCfg = Debug|Any CPU
		{2AFA8BD7-9A99-41C1-8C98-BB784EC42702}.Debug|Any CPU.Build.0 = Debug|Any CPU
		{2AFA8BD7-9A99-41C1-8C98-BB784EC42702}.Release|Any CPU.ActiveCfg = Release|Any CPU
		{2AFA8BD7-9A99-41C1-8C98-BB784EC42702}.Release|Any CPU.Build.0 = Release|Any CPU
		{76EA1E7C-7DE8-4764-9D86-EB6CE22F35D9}.Debug|Any CPU.ActiveCfg = Debug|Any CPU
		{76EA1E7C-7DE8-4764-9D86-EB6CE22F35D9}.Debug|Any CPU.Build.0 = Debug|Any CPU
		{76EA1E7C-7DE8-4764-9D86-EB6CE22F35D9}.Release|Any CPU.ActiveCfg = Release|Any CPU
		{76EA1E7C-7DE8-4764-9D86-EB6CE22F35D9}.Release|Any CPU.Build.0 = Release|Any CPU
		{E60F8930-808C-48A4-8F1E-6AE0E129C884}.Debug|Any CPU.ActiveCfg = Debug|Any CPU
		{E60F8930-808C-48A4-8F1E-6AE0E129C884}.Debug|Any CPU.Build.0 = Debug|Any CPU
		{E60F8930-808C-48A4-8F1E-6AE0E129C884}.Release|Any CPU.ActiveCfg = Release|Any CPU
		{E60F8930-808C-48A4-8F1E-6AE0E129C884}.Release|Any CPU.Build.0 = Release|Any CPU
		{94765E36-00CD-4FF8-B40B-3EDC7755F508}.Debug|Any CPU.ActiveCfg = Debug|Any CPU
		{94765E36-00CD-4FF8-B40B-3EDC7755F508}.Debug|Any CPU.Build.0 = Debug|Any CPU
		{94765E36-00CD-4FF8-B40B-3EDC7755F508}.Release|Any CPU.ActiveCfg = Release|Any CPU
		{94765E36-00CD-4FF8-B40B-3EDC7755F508}.Release|Any CPU.Build.0 = Release|Any CPU
		{5525E881-61D7-4BE7-899E-B9F1A8E77712}.Debug|Any CPU.ActiveCfg = Debug|Any CPU
		{5525E881-61D7-4BE7-899E-B9F1A8E77712}.Debug|Any CPU.Build.0 = Debug|Any CPU
		{5525E881-61D7-4BE7-899E-B9F1A8E77712}.Release|Any CPU.ActiveCfg = Release|Any CPU
		{5525E881-61D7-4BE7-899E-B9F1A8E77712}.Release|Any CPU.Build.0 = Release|Any CPU
	EndGlobalSection
	GlobalSection(SolutionProperties) = preSolution
		HideSolutionNode = FALSE
	EndGlobalSection
	GlobalSection(NestedProjects) = preSolution
		{1A6F7FDF-836E-464C-8F76-89F4B335DDDE} = {D87B04AA-6657-4E3E-9118-32E30537B1E2}
		{CCB50729-5EF2-4106-8549-B2C6B5F81AD1} = {6DA1B4E0-CB9B-49A7-AD82-D2AD1090C173}
		{2AFA8BD7-9A99-41C1-8C98-BB784EC42702} = {4239FDD0-176B-4E18-BF9E-1397CB715B72}
		{C9358EDD-5819-4D51-A0C8-FFE8FABA0084} = {3BFFB76E-28B5-4D5F-9A9B-2F40757BCE13}
		{882F6E55-74A5-471D-8D34-C6ABF596F83F} = {C9358EDD-5819-4D51-A0C8-FFE8FABA0084}
		{13DF28C8-5132-4F00-8EBA-3332FED6825B} = {C9358EDD-5819-4D51-A0C8-FFE8FABA0084}
		{DA9DDA9A-53D8-4B5F-960F-2D6DABF2D74C} = {C9358EDD-5819-4D51-A0C8-FFE8FABA0084}
		{E9EAE5D0-3046-4841-A056-65175A222824} = {C9358EDD-5819-4D51-A0C8-FFE8FABA0084}
		{76EA1E7C-7DE8-4764-9D86-EB6CE22F35D9} = {DA9DDA9A-53D8-4B5F-960F-2D6DABF2D74C}
		{E60F8930-808C-48A4-8F1E-6AE0E129C884} = {E9EAE5D0-3046-4841-A056-65175A222824}
		{94765E36-00CD-4FF8-B40B-3EDC7755F508} = {882F6E55-74A5-471D-8D34-C6ABF596F83F}
		{5525E881-61D7-4BE7-899E-B9F1A8E77712} = {13DF28C8-5132-4F00-8EBA-3332FED6825B}
	EndGlobalSection
	GlobalSection(ExtensibilityGlobals) = postSolution
		SolutionGuid = {7344F5DC-0409-4A9A-80F5-BFE9E99A6697}
	EndGlobalSection
EndGlobal
