
Microsoft Visual Studio Solution File, Format Version 12.00
# Visual Studio Version 16
VisualStudioVersion = 16.0.30615.102
MinimumVisualStudioVersion = 10.0.40219.1
Project("{2150E333-8FDC-42A3-9474-1A3956D46DE8}") = "Microservices", "Microservices", "{3BFFB76E-28B5-4D5F-9A9B-2F40757BCE13}"
EndProject
Project("{2150E333-8FDC-42A3-9474-1A3956D46DE8}") = "Domain", "Domain", "{D87B04AA-6657-4E3E-9118-32E30537B1E2}"
EndProject
Project("{2150E333-8FDC-42A3-9474-1A3956D46DE8}") = "Presentation", "Presentation", "{6171ED4F-C057-4288-AFE6-BE75475DAF11}"
EndProject
Project("{2150E333-8FDC-42A3-9474-1A3956D46DE8}") = "Infra.Bus", "Infra.Bus", "{6DA1B4E0-CB9B-49A7-AD82-D2AD1090C173}"
EndProject
Project("{2150E333-8FDC-42A3-9474-1A3956D46DE8}") = "Infra.IoC", "Infra.IoC", "{4239FDD0-176B-4E18-BF9E-1397CB715B72}"
EndProject
Project("{FAE04EC0-301F-11D3-BF4B-00C04F79EFBC}") = "MicroRabbit.Domain.Core", "MicroRabbit.Domain.Core\MicroRabbit.Domain.Core.csproj", "{1A6F7FDF-836E-464C-8F76-89F4B335DDDE}"
EndProject
Global
	GlobalSection(SolutionConfigurationPlatforms) = preSolution
		Debug|Any CPU = Debug|Any CPU
		Release|Any CPU = Release|Any CPU
	EndGlobalSection
	GlobalSection(ProjectConfigurationPlatforms) = postSolution
		{1A6F7FDF-836E-464C-8F76-89F4B335DDDE}.Debug|Any CPU.ActiveCfg = Debug|Any CPU
		{1A6F7FDF-836E-464C-8F76-89F4B335DDDE}.Debug|Any CPU.Build.0 = Debug|Any CPU
		{1A6F7FDF-836E-464C-8F76-89F4B335DDDE}.Release|Any CPU.ActiveCfg = Release|Any CPU
		{1A6F7FDF-836E-464C-8F76-89F4B335DDDE}.Release|Any CPU.Build.0 = Release|Any CPU
	EndGlobalSection
	GlobalSection(SolutionProperties) = preSolution
		HideSolutionNode = FALSE
	EndGlobalSection
	GlobalSection(NestedProjects) = preSolution
		{1A6F7FDF-836E-464C-8F76-89F4B335DDDE} = {D87B04AA-6657-4E3E-9118-32E30537B1E2}
	EndGlobalSection
	GlobalSection(ExtensibilityGlobals) = postSolution
		SolutionGuid = {7344F5DC-0409-4A9A-80F5-BFE9E99A6697}
	EndGlobalSection
EndGlobal
